
Microsoft Visual Studio Solution File, Format Version 12.00
# Visual Studio 2013
VisualStudioVersion = 12.0.30723.0
MinimumVisualStudioVersion = 10.0.40219.1
Project("{FAE04EC0-301F-11D3-BF4B-00C04F79EFBC}") = "HelloBootstrap", "HelloBootstrap\HelloBootstrap.csproj", "{CF006881-7BDE-4D5D-8040-EE1FF3903805}"
EndProject
Project("{FAE04EC0-301F-11D3-BF4B-00C04F79EFBC}") = "MusicStoreHtml", "MusicStoreHtml\MusicStoreHtml.csproj", "{707141FB-399D-407D-BEA9-E4FB13BEFD5B}"
EndProject
Global
	GlobalSection(SolutionConfigurationPlatforms) = preSolution
		Debug|Any CPU = Debug|Any CPU
		Release|Any CPU = Release|Any CPU
	EndGlobalSection
	GlobalSection(ProjectConfigurationPlatforms) = postSolution
		{CF006881-7BDE-4D5D-8040-EE1FF3903805}.Debug|Any CPU.ActiveCfg = Debug|Any CPU
		{CF006881-7BDE-4D5D-8040-EE1FF3903805}.Debug|Any CPU.Build.0 = Debug|Any CPU
		{CF006881-7BDE-4D5D-8040-EE1FF3903805}.Release|Any CPU.ActiveCfg = Release|Any CPU
		{CF006881-7BDE-4D5D-8040-EE1FF3903805}.Release|Any CPU.Build.0 = Release|Any CPU
		{707141FB-399D-407D-BEA9-E4FB13BEFD5B}.Debug|Any CPU.ActiveCfg = Debug|Any CPU
		{707141FB-399D-407D-BEA9-E4FB13BEFD5B}.Debug|Any CPU.Build.0 = Debug|Any CPU
		{707141FB-399D-407D-BEA9-E4FB13BEFD5B}.Release|Any CPU.ActiveCfg = Release|Any CPU
		{707141FB-399D-407D-BEA9-E4FB13BEFD5B}.Release|Any CPU.Build.0 = Release|Any CPU
	EndGlobalSection
	GlobalSection(SolutionProperties) = preSolution
		HideSolutionNode = FALSE
	EndGlobalSection
EndGlobal
